{
  "version": "5",
  "specifiers": {
    "jsr:@hono/hono@^4.10.7": "4.12.19",
    "npm:@types/react-dom@^19.2.3": "19.2.3_@types+react@19.2.14",
    "npm:@types/react@^19.2.7": "19.2.14",
    "npm:react-dom@^19.2.1": "19.2.6_react@19.2.6",
    "npm:react@^19.2.1": "19.2.6"
  },
  "jsr": {
    "@hono/hono@4.12.19": {
      "integrity": "8c26d8a46ef1d4038a5ab697ad86f687ada25125c58016f28b493610484afc72"
    }
  },
  "npm": {
    "@types/react-dom@19.2.3_@types+react@19.2.14": {
      "integrity": "sha512-jp2L/eY6fn+KgVVQAOqYItbF0VY/YApe5Mz2F0aykSO8gx31bYCZyvSeYxCHKvzHG5eZjc+zyaS5BrBWya2+kQ==",
      "dependencies": [
        "@types/react"
      ]
    },
    "@types/react@19.2.14": {
      "integrity": "sha512-ilcTH/UniCkMdtexkoCN0bI7pMcJDvmQFPvuPvmEaYA/NSfFTAgdUSLAoVjaRJm7+6PvcM+q1zYOwS4wTYMF9w==",
      "dependencies": [
        "csstype"
      ]
    },
    "csstype@3.2.3": {
      "integrity": "sha512-z1HGKcYy2xA8AGQfwrn0PAy+PB7X/GSj3UVJW9qKyn43xWa+gl5nXmU4qqLMRzWVLFC8KusUX8T/0kCiOYpAIQ=="
    },
    "react-dom@19.2.6_react@19.2.6": {
      "integrity": "sha512-0prMI+hvBbPjsWnxDLxlCGyM8PN6UuWjEUCYmZhO67xIV9Xasa/r/vDnq+Xyq4Lo27g8QSbO5YzARu0D1Sps3g==",
      "dependencies": [
        "react",
        "scheduler"
      ]
    },
    "react@19.2.6": {
      "integrity": "sha512-sfWGGfavi0xr8Pg0sVsyHMAOziVYKgPLNrS7ig+ivMNb3wbCBw3KxtflsGBAwD3gYQlE/AEZsTLgToRrSCjb0Q=="
    },
    "scheduler@0.27.0": {
      "integrity": "sha512-eNv+WrVbKu1f3vbYJT/xtiF5syA5HPIMtf9IgY/nKg0sWqzAUEvqY/xm7OcZc/qafLx/iO9FgOmeSAp4v5ti/Q=="
    }
  },
  "workspace": {
    "dependencies": [
      "jsr:@hono/hono@^4.10.7",
      "npm:@types/react-dom@^19.2.3",
      "npm:@types/react@^19.2.7",
      "npm:react-dom@^19.2.1",
      "npm:react@^19.2.1"
    ]
  }
}
